// !$*UTF8*$!
{
	archiveVersion = 1;
	classes = {
	};
	objectVersion = 77;
	objects = {

/* Begin PBXContainerItemProxy section */
		975A77AD2F2AE188005F933B /* PBXContainerItemProxy */ = {
			isa = PBXContainerItemProxy;
			containerPortal = 975A77922F2AE187005F933B /* Project object */;
			proxyType = 1;
			remoteGlobalIDString = 975A77992F2AE187005F933B;
			remoteInfo = FoodPassport;
		};
		975A77B72F2AE188005F933B /* PBXContainerItemProxy */ = {
			isa = PBXContainerItemProxy;
			containerPortal = 975A77922F2AE187005F933B /* Project object */;
			proxyType = 1;
			remoteGlobalIDString = 975A77992F2AE187005F933B;
			remoteInfo = FoodPassport;
		};
/* End PBXContainerItemProxy section */

/* Begin PBXFileReference section */
		975A779A2F2AE187005F933B /* FoodPassport.app */ = {isa = PBXFileReference; explicitFileType = wrapper.application; includeInIndex = 0; path = FoodPassport.app; sourceTree = BUILT_PRODUCTS_DIR; };
		975A77AC2F2AE188005F933B /* FoodPassportTests.xctest */ = {isa = PBXFileReference; explicitFileType = wrapper.cfbundle; includeInIndex = 0; path = FoodPassportTests.xctest; sourceTree = BUILT_PRODUCTS_DIR; };
		975A77B62F2AE188005F933B /* FoodPassportUITests.xctest */ = {isa = PBXFileReference; explicitFileType = wrapper.cfbundle; includeInIndex = 0; path = FoodPassportUITests.xctest; sourceTree = BUILT_PRODUCTS_DIR; };
/* End PBXFileReference section */

/* Begin PBXFileSystemSynchronizedBuildFileExceptionSet section */
		975A780A2F2AE793005F933B /* Exceptions for "FoodPassport" folder in "FoodPassport" target */ = {
			isa = PBXFileSystemSynchronizedBuildFileExceptionSet;
			membershipExceptions = (
				App/FoodPassportApp.swift,
				App/Persistence.swift,
				Core/Models/Restaurant.swift,
				Core/Network/NetworkManager.swift,
				Core/Network/YelpService.swift,
				Core/ViewModels/SearchViewModel.swift,
				Features/Main/MainTabView.swift,
				Features/Map/MapView.swift,
				Features/Passport/PassportView.swift,
				Features/Search/SearchView.swift,
				Ressources/Assets.xcassets,
			);
			target = 975A77992F2AE187005F933B /* FoodPassport */;
		};
		975A780B2F2AE793005F933B /* Exceptions for "FoodPassport" folder in "FoodPassportUITests" target */ = {
			isa = PBXFileSystemSynchronizedBuildFileExceptionSet;
			membershipExceptions = (
				App/FoodPassportApp.swift,
				App/Persistence.swift,
				Core/Models/Restaurant.swift,
				Core/Network/NetworkManager.swift,
				Core/Network/YelpService.swift,
				Core/ViewModels/SearchViewModel.swift,
				Features/Main/MainTabView.swift,
				Features/Map/MapView.swift,
				Features/Passport/PassportView.swift,
				Features/Search/SearchView.swift,
				Ressources/Assets.xcassets,
				Ressources/FoodPassport.xcdatamodeld,
			);
			target = 975A77B52F2AE188005F933B /* FoodPassportUITests */;
		};
/* End PBXFileSystemSynchronizedBuildFileExceptionSet section */

/* Begin PBXFileSystemSynchronizedGroupBuildPhaseMembershipExceptionSet section */
		975A782B2F2AE7AD005F933B /* Exceptions for "FoodPassport" folder in "Compile Sources" phase from "FoodPassport" target */ = {
			isa = PBXFileSystemSynchronizedGroupBuildPhaseMembershipExceptionSet;
			buildPhase = 975A77962F2AE187005F933B /* Sources */;
			membershipExceptions = (
				Ressources/FoodPassport.xcdatamodeld,
			);
		};
/* End PBXFileSystemSynchronizedGroupBuildPhaseMembershipExceptionSet section */

/* Begin PBXFileSystemSynchronizedRootGroup section */
		975A77AF2F2AE188005F933B /* FoodPassportTests */ = {
			isa = PBXFileSystemSynchronizedRootGroup;
			path = FoodPassportTests;
			sourceTree = "<group>";
		};
		975A77B92F2AE188005F933B /* FoodPassportUITests */ = {
			isa = PBXFileSystemSynchronizedRootGroup;
			path = FoodPassportUITests;
			sourceTree = "<group>";
		};
		975A77E02F2AE26F005F933B /* FoodPassport */ = {
			isa = PBXFileSystemSynchronizedRootGroup;
			exceptions = (
				975A780A2F2AE793005F933B /* Exceptions for "FoodPassport" folder in "FoodPassport" target */,
				975A782B2F2AE7AD005F933B /* Exceptions for "FoodPassport" folder in "Compile Sources" phase from "FoodPassport" target */,
				975A780B2F2AE793005F933B /* Exceptions for "FoodPassport" folder in "FoodPassportUITests" target */,
			);
			path = FoodPassport;
			sourceTree = "<group>";
		};
/* End PBXFileSystemSynchronizedRootGroup section */

/* Begin PBXFrameworksBuildPhase section */
		975A77972F2AE187005F933B /* Frameworks */ = {
			isa = PBXFrameworksBuildPhase;
			buildActionMask = 2147483647;
			files = (
			);
			runOnlyForDeploymentPostprocessing = 0;
		};
		975A77A92F2AE188005F933B /* Frameworks */ = {
			isa = PBXFrameworksBuildPhase;
			buildActionMask = 2147483647;
			files = (
			);
			runOnlyForDeploymentPostprocessing = 0;
		};
		975A77B32F2AE188005F933B /* Frameworks */ = {
			isa = PBXFrameworksBuildPhase;
			buildActionMask = 2147483647;
			files = (
			);
			runOnlyForDeploymentPostprocessing = 0;
		};
/* End PBXFrameworksBuildPhase section */

/* Begin PBXGroup section */
		975A77912F2AE187005F933B = {
			isa = PBXGroup;
			children = (
				975A77E02F2AE26F005F933B /* FoodPassport */,
				975A77AF2F2AE188005F933B /* FoodPassportTests */,
				975A77B92F2AE188005F933B /* FoodPassportUITests */,
				975A779B2F2AE187005F933B /* Products */,
			);
			sourceTree = "<group>";
		};
		975A779B2F2AE187005F933B /* Products */ = {
			isa = PBXGroup;
			children = (
				975A779A2F2AE187005F933B /* FoodPassport.app */,
				975A77AC2F2AE188005F933B /* FoodPassportTests.xctest */,
				975A77B62F2AE188005F933B /* FoodPassportUITests.xctest */,
			);
			name = Products;
			sourceTree = "<group>";
		};
/* End PBXGroup section */

/* Begin PBXNativeTarget section */
		975A77992F2AE187005F933B /* FoodPassport */ = {
			isa = PBXNativeTarget;
			buildConfigurationList = 975A77C02F2AE188005F933B /* Build configuration list for PBXNativeTarget "FoodPassport" */;
			buildPhases = (
				975A77962F2AE187005F933B /* Sources */,
				975A77972F2AE187005F933B /* Frameworks */,
				975A77982F2AE187005F933B /* Resources */,
			);
			buildRules = (
			);
			dependencies = (
			);
			name = FoodPassport;
			packageProductDependencies = (
			);
			productName = FoodPassport;
			productReference = 975A779A2F2AE187005F933B /* FoodPassport.app */;
			productType = "com.apple.product-type.application";
		};
		975A77AB2F2AE188005F933B /* FoodPassportTests */ = {
			isa = PBXNativeTarget;
			buildConfigurationList = 975A77C32F2AE188005F933B /* Build configuration list for PBXNativeTarget "FoodPassportTests" */;
			buildPhases = (
				975A77A82F2AE188005F933B /* Sources */,
				975A77A92F2AE188005F933B /* Frameworks */,
				975A77AA2F2AE188005F933B /* Resources */,
			);
			buildRules = (
			);
			dependencies = (
				975A77AE2F2AE188005F933B /* PBXTargetDependency */,
			);
			fileSystemSynchronizedGroups = (
				975A77AF2F2AE188005F933B /* FoodPassportTests */,
			);
			name = FoodPassportTests;
			packageProductDependencies = (
			);
			productName = FoodPassportTests;
			productReference = 975A77AC2F2AE188005F933B /* FoodPassportTests.xctest */;
			productType = "com.apple.product-type.bundle.unit-test";
		};
		975A77B52F2AE188005F933B /* FoodPassportUITests */ = {
			isa = PBXNativeTarget;
			buildConfigurationList = 975A77C62F2AE188005F933B /* Build configuration list for PBXNativeTarget "FoodPassportUITests" */;
			buildPhases = (
				975A77B22F2AE188005F933B /* Sources */,
				975A77B32F2AE188005F933B /* Frameworks */,
				975A77B42F2AE188005F933B /* Resources */,
			);
			buildRules = (
			);
			dependencies = (
				975A77B82F2AE188005F933B /* PBXTargetDependency */,
			);
			fileSystemSynchronizedGroups = (
				975A77B92F2AE188005F933B /* FoodPassportUITests */,
				975A77E02F2AE26F005F933B /* FoodPassport */,
			);
			name = FoodPassportUITests;
			packageProductDependencies = (
			);
			productName = FoodPassportUITests;
			productReference = 975A77B62F2AE188005F933B /* FoodPassportUITests.xctest */;
			productType = "com.apple.product-type.bundle.ui-testing";
		};
/* End PBXNativeTarget section */

/* Begin PBXProject section */
		975A77922F2AE187005F933B /* Project object */ = {
			isa = PBXProject;
			attributes = {
				BuildIndependentTargetsInParallel = 1;
				LastSwiftUpdateCheck = 2600;
				LastUpgradeCheck = 2600;
				TargetAttributes = {
					975A77992F2AE187005F933B = {
						CreatedOnToolsVersion = 26.0.1;
					};
					975A77AB2F2AE188005F933B = {
						CreatedOnToolsVersion = 26.0.1;
						TestTargetID = 975A77992F2AE187005F933B;
					};
					975A77B52F2AE188005F933B = {
						CreatedOnToolsVersion = 26.0.1;
						TestTargetID = 975A77992F2AE187005F933B;
					};
				};
			};
			buildConfigurationList = 975A77952F2AE187005F933B /* Build configuration list for PBXProject "FoodPassport" */;
			developmentRegion = en;
			hasScannedForEncodings = 0;
			knownRegions = (
				en,
				Base,
			);
			mainGroup = 975A77912F2AE187005F933B;
			minimizedProjectReferenceProxies = 1;
			preferredProjectObjectVersion = 77;
			productRefGroup = 975A779B2F2AE187005F933B /* Products */;
			projectDirPath = "";
			projectRoot = "";
			targets = (
				975A77992F2AE187005F933B /* FoodPassport */,
				975A77AB2F2AE188005F933B /* FoodPassportTests */,
				975A77B52F2AE188005F933B /* FoodPassportUITests */,
			);
		};
/* End PBXProject section */

/* Begin PBXResourcesBuildPhase section */
		975A77982F2AE187005F933B /* Resources */ = {
			isa = PBXResourcesBuildPhase;
			buildActionMask = 2147483647;
			files = (
			);
			runOnlyForDeploymentPostprocessing = 0;
		};
		975A77AA2F2AE188005F933B /* Resources */ = {
			isa = PBXResourcesBuildPhase;
			buildActionMask = 2147483647;
			files = (
			);
			runOnlyForDeploymentPostprocessing = 0;
		};
		975A77B42F2AE188005F933B /* Resources */ = {
			isa = PBXResourcesBuildPhase;
			buildActionMask = 2147483647;
			files = (
			);
			runOnlyForDeploymentPostprocessing = 0;
		};
/* End PBXResourcesBuildPhase section */

/* Begin PBXSourcesBuildPhase section */
		975A77962F2AE187005F933B /* Sources */ = {
			isa = PBXSourcesBuildPhase;
			buildActionMask = 2147483647;
			files = (
			);
			runOnlyForDeploymentPostprocessing = 0;
		};
		975A77A82F2AE188005F933B /* Sources */ = {
			isa = PBXSourcesBuildPhase;
			buildActionMask = 2147483647;
			files = (
			);
			runOnlyForDeploymentPostprocessing = 0;
		};
		975A77B22F2AE188005F933B /* Sources */ = {
			isa = PBXSourcesBuildPhase;
			buildActionMask = 2147483647;
			files = (
			);
			runOnlyForDeploymentPostprocessing = 0;
		};
/* End PBXSourcesBuildPhase section */

/* Begin PBXTargetDependency section */
		975A77AE2F2AE188005F933B /* PBXTargetDependency */ = {
			isa = PBXTargetDependency;
			target = 975A77992F2AE187005F933B /* FoodPassport */;
			targetProxy = 975A77AD2F2AE188005F933B /* PBXContainerItemProxy */;
		};
		975A77B82F2AE188005F933B /* PBXTargetDependency */ = {
			isa = PBXTargetDependency;
			target = 975A77992F2AE187005F933B /* FoodPassport */;
			targetProxy = 975A77B72F2AE188005F933B /* PBXContainerItemProxy */;
		};
/* End PBXTargetDependency section */

/* Begin XCBuildConfiguration section */
		975A77BE2F2AE188005F933B /* Debug */ = {
			isa = XCBuildConfiguration;
			buildSettings = {
				ALWAYS_SEARCH_USER_PATHS = NO;
				ASSETCATALOG_COMPILER_GENERATE_SWIFT_ASSET_SYMBOL_EXTENSIONS = YES;
				CLANG_ANALYZER_NONNULL = YES;
				CLANG_ANALYZER_NUMBER_OBJECT_CONVERSION = YES_AGGRESSIVE;
				CLANG_CXX_LANGUAGE_STANDARD = "gnu++20";
				CLANG_ENABLE_MODULES = YES;
				CLANG_ENABLE_OBJC_ARC = YES;
				CLANG_ENABLE_OBJC_WEAK = YES;
				CLANG_WARN_BLOCK_CAPTURE_AUTORELEASING = YES;
				CLANG_WARN_BOOL_CONVERSION = YES;
				CLANG_WARN_COMMA = YES;
				CLANG_WARN_CONSTANT_CONVERSION = YES;
				CLANG_WARN_DEPRECATED_OBJC_IMPLEMENTATIONS = YES;
				CLANG_WARN_DIRECT_OBJC_ISA_USAGE = YES_ERROR;
				CLANG_WARN_DOCUMENTATION_COMMENTS = YES;
				CLANG_WARN_EMPTY_BODY = YES;
				CLANG_WARN_ENUM_CONVERSION = YES;
				CLANG_WARN_INFINITE_RECURSION = YES;
				CLANG_WARN_INT_CONVERSION = YES;
				CLANG_WARN_NON_LITERAL_NULL_CONVERSION = YES;
				CLANG_WARN_OBJC_IMPLICIT_RETAIN_SELF = YES;
				CLANG_WARN_OBJC_LITERAL_CONVERSION = YES;
				CLANG_WARN_OBJC_ROOT_CLASS = YES_ERROR;
				CLANG_WARN_QUOTED_INCLUDE_IN_FRAMEWORK_HEADER = YES;
				CLANG_WARN_RANGE_LOOP_ANALYSIS = YES;
				CLANG_WARN_STRICT_PROTOTYPES = YES;
				CLANG_WARN_SUSPICIOUS_MOVE = YES;
				CLANG_WARN_UNGUARDED_AVAILABILITY = YES_AGGRESSIVE;
				CLANG_WARN_UNREACHABLE_CODE = YES;
				CLANG_WARN__DUPLICATE_METHOD_MATCH = YES;
				COPY_PHASE_STRIP = NO;
				DEBUG_INFORMATION_FORMAT = dwarf;
				ENABLE_STRICT_OBJC_MSGSEND = YES;
				ENABLE_TESTABILITY = YES;
				ENABLE_USER_SCRIPT_SANDBOXING = YES;
				GCC_C_LANGUAGE_STANDARD = gnu17;
				GCC_DYNAMIC_NO_PIC = NO;
				GCC_NO_COMMON_BLOCKS = YES;
				GCC_OPTIMIZATION_LEVEL = 0;
				GCC_PREPROCESSOR_DEFINITIONS = (
					"DEBUG=1",
					"$(inherited)",
				);
				GCC_WARN_64_TO_32_BIT_CONVERSION = YES;
				GCC_WARN_ABOUT_RETURN_TYPE = YES_ERROR;
				GCC_WARN_UNDECLARED_SELECTOR = YES;
				GCC_WARN_UNINITIALIZED_AUTOS = YES_AGGRESSIVE;
				GCC_WARN_UNUSED_FUNCTION = YES;
				GCC_WARN_UNUSED_VARIABLE = YES;
				IPHONEOS_DEPLOYMENT_TARGET = 26.0;
				LOCALIZATION_PREFERS_STRING_CATALOGS = YES;
				MTL_ENABLE_DEBUG_INFO = INCLUDE_SOURCE;
				MTL_FAST_MATH = YES;
				ONLY_ACTIVE_ARCH = YES;
				SDKROOT = iphoneos;
				SWIFT_ACTIVE_COMPILATION_CONDITIONS = "DEBUG $(inherited)";
				SWIFT_OPTIMIZATION_LEVEL = "-Onone";
			};
			name = Debug;
		};
		975A77BF2F2AE188005F933B /* Release */ = {
			isa = XCBuildConfiguration;
			buildSettings = {
				ALWAYS_SEARCH_USER_PATHS = NO;
				ASSETCATALOG_COMPILER_GENERATE_SWIFT_ASSET_SYMBOL_EXTENSIONS = YES;
				CLANG_ANALYZER_NONNULL = YES;
				CLANG_ANALYZER_NUMBER_OBJECT_CONVERSION = YES_AGGRESSIVE;
				CLANG_CXX_LANGUAGE_STANDARD = "gnu++20";
				CLANG_ENABLE_MODULES = YES;
				CLANG_ENABLE_OBJC_ARC = YES;
				CLANG_ENABLE_OBJC_WEAK = YES;
				CLANG_WARN_BLOCK_CAPTURE_AUTORELEASING = YES;
				CLANG_WARN_BOOL_CONVERSION = YES;
				CLANG_WARN_COMMA = YES;
				CLANG_WARN_CONSTANT_CONVERSION = YES;
				CLANG_WARN_DEPRECATED_OBJC_IMPLEMENTATIONS = YES;
				CLANG_WARN_DIRECT_OBJC_ISA_USAGE = YES_ERROR;
				CLANG_WARN_DOCUMENTATION_COMMENTS = YES;
				CLANG_WARN_EMPTY_BODY = YES;
				CLANG_WARN_ENUM_CONVERSION = YES;
				CLANG_WARN_INFINITE_RECURSION = YES;
				CLANG_WARN_INT_CONVERSION = YES;
				CLANG_WARN_NON_LITERAL_NULL_CONVERSION = YES;
				CLANG_WARN_OBJC_IMPLICIT_RETAIN_SELF = YES;
				CLANG_WARN_OBJC_LITERAL_CONVERSION = YES;
				CLANG_WARN_OBJC_ROOT_CLASS = YES_ERROR;
				CLANG_WARN_QUOTED_INCLUDE_IN_FRAMEWORK_HEADER = YES;
				CLANG_WARN_RANGE_LOOP_ANALYSIS = YES;
				CLANG_WARN_STRICT_PROTOTYPES = YES;
				CLANG_WARN_SUSPICIOUS_MOVE = YES;
				CLANG_WARN_UNGUARDED_AVAILABILITY = YES_AGGRESSIVE;
				CLANG_WARN_UNREACHABLE_CODE = YES;
				CLANG_WARN__DUPLICATE_METHOD_MATCH = YES;
				COPY_PHASE_STRIP = NO;
				DEBUG_INFORMATION_FORMAT = "dwarf-with-dsym";
				ENABLE_NS_ASSERTIONS = NO;
				ENABLE_STRICT_OBJC_MSGSEND = YES;
				ENABLE_USER_SCRIPT_SANDBOXING = YES;
				GCC_C_LANGUAGE_STANDARD = gnu17;
				GCC_NO_COMMON_BLOCKS = YES;
				GCC_WARN_64_TO_32_BIT_CONVERSION = YES;
				GCC_WARN_ABOUT_RETURN_TYPE = YES_ERROR;
				GCC_WARN_UNDECLARED_SELECTOR = YES;
				GCC_WARN_UNINITIALIZED_AUTOS = YES_AGGRESSIVE;
				GCC_WARN_UNUSED_FUNCTION = YES;
				GCC_WARN_UNUSED_VARIABLE = YES;
				IPHONEOS_DEPLOYMENT_TARGET = 26.0;
				LOCALIZATION_PREFERS_STRING_CATALOGS = YES;
				MTL_ENABLE_DEBUG_INFO = NO;
				MTL_FAST_MATH = YES;
				SDKROOT = iphoneos;
				SWIFT_COMPILATION_MODE = wholemodule;
				VALIDATE_PRODUCT = YES;
			};
			name = Release;
		};
		975A77C12F2AE188005F933B /* Debug */ = {
			isa = XCBuildConfiguration;
			buildSettings = {
				ASSETCATALOG_COMPILER_APPICON_NAME = AppIcon;
				ASSETCATALOG_COMPILER_GLOBAL_ACCENT_COLOR_NAME = AccentColor;
				CODE_SIGN_STYLE = Automatic;
				CURRENT_PROJECT_VERSION = 1;
				ENABLE_PREVIEWS = YES;
				GENERATE_INFOPLIST_FILE = YES;
				INFOPLIST_KEY_UIApplicationSceneManifest_Generation = YES;
				INFOPLIST_KEY_UIApplicationSupportsIndirectInputEvents = YES;
				INFOPLIST_KEY_UILaunchScreen_Generation = YES;
				INFOPLIST_KEY_UISupportedInterfaceOrientations_iPad = "UIInterfaceOrientationPortrait UIInterfaceOrientationPortraitUpsideDown UIInterfaceOrientationLandscapeLeft UIInterfaceOrientationLandscapeRight";
				INFOPLIST_KEY_UISupportedInterfaceOrientations_iPhone = "UIInterfaceOrientationPortrait UIInterfaceOrientationLandscapeLeft UIInterfaceOrientationLandscapeRight";
				LD_RUNPATH_SEARCH_PATHS = (
					"$(inherited)",
					"@executable_path/Frameworks",
				);
				MARKETING_VERSION = 1.0;
				PRODUCT_BUNDLE_IDENTIFIER = com.bunnita.FoodPassport;
				PRODUCT_NAME = "$(TARGET_NAME)";
				STRING_CATALOG_GENERATE_SYMBOLS = YES;
				SWIFT_APPROACHABLE_CONCURRENCY = YES;
				SWIFT_DEFAULT_ACTOR_ISOLATION = MainActor;
				SWIFT_EMIT_LOC_STRINGS = YES;
				SWIFT_UPCOMING_FEATURE_MEMBER_IMPORT_VISIBILITY = YES;
				SWIFT_VERSION = 5.0;
				TARGETED_DEVICE_FAMILY = "1,2";
			};
			name = Debug;
		};
		975A77C22F2AE188005F933B /* Release */ = {
			isa = XCBuildConfiguration;
			buildSettings = {
				ASSETCATALOG_COMPILER_APPICON_NAME = AppIcon;
				ASSETCATALOG_COMPILER_GLOBAL_ACCENT_COLOR_NAME = AccentColor;
				CODE_SIGN_STYLE = Automatic;
				CURRENT_PROJECT_VERSION = 1;
				ENABLE_PREVIEWS = YES;
				GENERATE_INFOPLIST_FILE = YES;
				INFOPLIST_KEY_UIApplicationSceneManifest_Generation = YES;
				INFOPLIST_KEY_UIApplicationSupportsIndirectInputEvents = YES;
				INFOPLIST_KEY_UILaunchScreen_Generation = YES;
				INFOPLIST_KEY_UISupportedInterfaceOrientations_iPad = "UIInterfaceOrientationPortrait UIInterfaceOrientationPortraitUpsideDown UIInterfaceOrientationLandscapeLeft UIInterfaceOrientationLandscapeRight";
				INFOPLIST_KEY_UISupportedInterfaceOrientations_iPhone = "UIInterfaceOrientationPortrait UIInterfaceOrientationLandscapeLeft UIInterfaceOrientationLandscapeRight";
				LD_RUNPATH_SEARCH_PATHS = (
					"$(inherited)",
					"@executable_path/Frameworks",
				);
				MARKETING_VERSION = 1.0;
				PRODUCT_BUNDLE_IDENTIFIER = com.bunnita.FoodPassport;
				PRODUCT_NAME = "$(TARGET_NAME)";
				STRING_CATALOG_GENERATE_SYMBOLS = YES;
				SWIFT_APPROACHABLE_CONCURRENCY = YES;
				SWIFT_DEFAULT_ACTOR_ISOLATION = MainActor;
				SWIFT_EMIT_LOC_STRINGS = YES;
				SWIFT_UPCOMING_FEATURE_MEMBER_IMPORT_VISIBILITY = YES;
				SWIFT_VERSION = 5.0;
				TARGETED_DEVICE_FAMILY = "1,2";
			};
			name = Release;
		};
		975A77C42F2AE188005F933B /* Debug */ = {
			isa = XCBuildConfiguration;
			buildSettings = {
				BUNDLE_LOADER = "$(TEST_HOST)";
				CODE_SIGN_STYLE = Automatic;
				CURRENT_PROJECT_VERSION = 1;
				GENERATE_INFOPLIST_FILE = YES;
				IPHONEOS_DEPLOYMENT_TARGET = 26.0;
				MARKETING_VERSION = 1.0;
				PRODUCT_BUNDLE_IDENTIFIER = com.bunnita.FoodPassportTests;
				PRODUCT_NAME = "$(TARGET_NAME)";
				STRING_CATALOG_GENERATE_SYMBOLS = NO;
				SWIFT_APPROACHABLE_CONCURRENCY = YES;
				SWIFT_EMIT_LOC_STRINGS = NO;
				SWIFT_UPCOMING_FEATURE_MEMBER_IMPORT_VISIBILITY = YES;
				SWIFT_VERSION = 5.0;
				TARGETED_DEVICE_FAMILY = "1,2";
				TEST_HOST = "$(BUILT_PRODUCTS_DIR)/FoodPassport.app/$(BUNDLE_EXECUTABLE_FOLDER_PATH)/FoodPassport";
			};
			name = Debug;
		};
		975A77C52F2AE188005F933B /* Release */ = {
			isa = XCBuildConfiguration;
			buildSettings = {
				BUNDLE_LOADER = "$(TEST_HOST)";
				CODE_SIGN_STYLE = Automatic;
				CURRENT_PROJECT_VERSION = 1;
				GENERATE_INFOPLIST_FILE = YES;
				IPHONEOS_DEPLOYMENT_TARGET = 26.0;
				MARKETING_VERSION = 1.0;
				PRODUCT_BUNDLE_IDENTIFIER = com.bunnita.FoodPassportTests;
				PRODUCT_NAME = "$(TARGET_NAME)";
				STRING_CATALOG_GENERATE_SYMBOLS = NO;
				SWIFT_APPROACHABLE_CONCURRENCY = YES;
				SWIFT_EMIT_LOC_STRINGS = NO;
				SWIFT_UPCOMING_FEATURE_MEMBER_IMPORT_VISIBILITY = YES;
				SWIFT_VERSION = 5.0;
				TARGETED_DEVICE_FAMILY = "1,2";
				TEST_HOST = "$(BUILT_PRODUCTS_DIR)/FoodPassport.app/$(BUNDLE_EXECUTABLE_FOLDER_PATH)/FoodPassport";
			};
			name = Release;
		};
		975A77C72F2AE188005F933B /* Debug */ = {
			isa = XCBuildConfiguration;
			buildSettings = {
				CODE_SIGN_STYLE = Automatic;
				CURRENT_PROJECT_VERSION = 1;
				GENERATE_INFOPLIST_FILE = YES;
				MARKETING_VERSION = 1.0;
				PRODUCT_BUNDLE_IDENTIFIER = com.bunnita.FoodPassportUITests;
				PRODUCT_NAME = "$(TARGET_NAME)";
				STRING_CATALOG_GENERATE_SYMBOLS = NO;
				SWIFT_APPROACHABLE_CONCURRENCY = YES;
				SWIFT_EMIT_LOC_STRINGS = NO;
				SWIFT_UPCOMING_FEATURE_MEMBER_IMPORT_VISIBILITY = YES;
				SWIFT_VERSION = 5.0;
				TARGETED_DEVICE_FAMILY = "1,2";
				TEST_TARGET_NAME = FoodPassport;
			};
			name = Debug;
		};
		975A77C82F2AE188005F933B /* Release */ = {
			isa = XCBuildConfiguration;
			buildSettings = {
				CODE_SIGN_STYLE = Automatic;
				CURRENT_PROJECT_VERSION = 1;
				GENERATE_INFOPLIST_FILE = YES;
				MARKETING_VERSION = 1.0;
				PRODUCT_BUNDLE_IDENTIFIER = com.bunnita.FoodPassportUITests;
				PRODUCT_NAME = "$(TARGET_NAME)";
				STRING_CATALOG_GENERATE_SYMBOLS = NO;
				SWIFT_APPROACHABLE_CONCURRENCY = YES;
				SWIFT_EMIT_LOC_STRINGS = NO;
				SWIFT_UPCOMING_FEATURE_MEMBER_IMPORT_VISIBILITY = YES;
				SWIFT_VERSION = 5.0;
				TARGETED_DEVICE_FAMILY = "1,2";
				TEST_TARGET_NAME = FoodPassport;
			};
			name = Release;
		};
/* End XCBuildConfiguration section */

/* Begin XCConfigurationList section */
		975A77952F2AE187005F933B /* Build configuration list for PBXProject "FoodPassport" */ = {
			isa = XCConfigurationList;
			buildConfigurations = (
				975A77BE2F2AE188005F933B /* Debug */,
				975A77BF2F2AE188005F933B /* Release */,
			);
			defaultConfigurationIsVisible = 0;
			defaultConfigurationName = Release;
		};
		975A77C02F2AE188005F933B /* Build configuration list for PBXNativeTarget "FoodPassport" */ = {
			isa = XCConfigurationList;
			buildConfigurations = (
				975A77C12F2AE188005F933B /* Debug */,
				975A77C22F2AE188005F933B /* Release */,
			);
			defaultConfigurationIsVisible = 0;
			defaultConfigurationName = Release;
		};
		975A77C32F2AE188005F933B /* Build configuration list for PBXNativeTarget "FoodPassportTests" */ = {
			isa = XCConfigurationList;
			buildConfigurations = (
				975A77C42F2AE188005F933B /* Debug */,
				975A77C52F2AE188005F933B /* Release */,
			);
			defaultConfigurationIsVisible = 0;
			defaultConfigurationName = Release;
		};
		975A77C62F2AE188005F933B /* Build configuration list for PBXNativeTarget "FoodPassportUITests" */ = {
			isa = XCConfigurationList;
			buildConfigurations = (
				975A77C72F2AE188005F933B /* Debug */,
				975A77C82F2AE188005F933B /* Release */,
			);
			defaultConfigurationIsVisible = 0;
			defaultConfigurationName = Release;
		};
/* End XCConfigurationList section */
	};
	rootObject = 975A77922F2AE187005F933B /* Project object */;
}
