// !$*UTF8*$!
{
	archiveVersion = 1;
	classes = {
	};
	objectVersion = 77;
	objects = {

/* Begin PBXBuildFile section */
		97A8C80E2F7713C000B3609F /* WidgetKit.framework in Frameworks */ = {isa = PBXBuildFile; fileRef = 97A8C7EF2F77139600B3609F /* WidgetKit.framework */; };
		97A8C80F2F7713C000B3609F /* SwiftUI.framework in Frameworks */ = {isa = PBXBuildFile; fileRef = 97A8C7F12F77139600B3609F /* SwiftUI.framework */; };
		97A8C81E2F7713C100B3609F /* FoodPassportWidgetExtension.appex in Embed Foundation Extensions */ = {isa = PBXBuildFile; fileRef = 97A8C80D2F7713C000B3609F /* FoodPassportWidgetExtension.appex */; settings = {ATTRIBUTES = (RemoveHeadersOnCopy, ); }; };
/* End PBXBuildFile section */

/* Begin PBXContainerItemProxy section */
		97A8C81C2F7713C100B3609F /* PBXContainerItemProxy */ = {
			isa = PBXContainerItemProxy;
			containerPortal = 97ABA1DA2F50F569002EDDAD /* Project object */;
			proxyType = 1;
			remoteGlobalIDString = 97A8C80C2F7713C000B3609F;
			remoteInfo = FoodPassportWidgetExtension;
		};
		97ABA1F52F50F56B002EDDAD /* PBXContainerItemProxy */ = {
			isa = PBXContainerItemProxy;
			containerPortal = 97ABA1DA2F50F569002EDDAD /* Project object */;
			proxyType = 1;
			remoteGlobalIDString = 97ABA1E12F50F569002EDDAD;
			remoteInfo = FoodPassport;
		};
		97ABA1FF2F50F56B002EDDAD /* PBXContainerItemProxy */ = {
			isa = PBXContainerItemProxy;
			containerPortal = 97ABA1DA2F50F569002EDDAD /* Project object */;
			proxyType = 1;
			remoteGlobalIDString = 97ABA1E12F50F569002EDDAD;
			remoteInfo = FoodPassport;
		};
/* End PBXContainerItemProxy section */

/* Begin PBXCopyFilesBuildPhase section */
		97A8C8042F77139800B3609F /* Embed Foundation Extensions */ = {
			isa = PBXCopyFilesBuildPhase;
			buildActionMask = 2147483647;
			dstPath = "";
			dstSubfolderSpec = 13;
			files = (
				97A8C81E2F7713C100B3609F /* FoodPassportWidgetExtension.appex in Embed Foundation Extensions */,
			);
			name = "Embed Foundation Extensions";
			runOnlyForDeploymentPostprocessing = 0;
		};
/* End PBXCopyFilesBuildPhase section */

/* Begin PBXFileReference section */
		97A8C7EF2F77139600B3609F /* WidgetKit.framework */ = {isa = PBXFileReference; lastKnownFileType = wrapper.framework; name = WidgetKit.framework; path = System/Library/Frameworks/WidgetKit.framework; sourceTree = SDKROOT; };
		97A8C7F12F77139600B3609F /* SwiftUI.framework */ = {isa = PBXFileReference; lastKnownFileType = wrapper.framework; name = SwiftUI.framework; path = System/Library/Frameworks/SwiftUI.framework; sourceTree = SDKROOT; };
		97A8C80D2F7713C000B3609F /* FoodPassportWidgetExtension.appex */ = {isa = PBXFileReference; explicitFileType = "wrapper.app-extension"; includeInIndex = 0; path = FoodPassportWidgetExtension.appex; sourceTree = BUILT_PRODUCTS_DIR; };
		97A8C8242F77174000B3609F /* FoodPassportWidgetExtension.entitlements */ = {isa = PBXFileReference; lastKnownFileType = text.plist.entitlements; path = FoodPassportWidgetExtension.entitlements; sourceTree = "<group>"; };
		97ABA1E22F50F569002EDDAD /* FoodPassport.app */ = {isa = PBXFileReference; explicitFileType = wrapper.application; includeInIndex = 0; path = FoodPassport.app; sourceTree = BUILT_PRODUCTS_DIR; };
		97ABA1F42F50F56B002EDDAD /* FoodPassportTests.xctest */ = {isa = PBXFileReference; explicitFileType = wrapper.cfbundle; includeInIndex = 0; path = FoodPassportTests.xctest; sourceTree = BUILT_PRODUCTS_DIR; };
		97ABA1FE2F50F56B002EDDAD /* FoodPassportUITests.xctest */ = {isa = PBXFileReference; explicitFileType = wrapper.cfbundle; includeInIndex = 0; path = FoodPassportUITests.xctest; sourceTree = BUILT_PRODUCTS_DIR; };
/* End PBXFileReference section */

/* Begin PBXFileSystemSynchronizedBuildFileExceptionSet section */
		97A8C7C02F60642900B3609F /* Exceptions for "FoodPassport" folder in "FoodPassport" target */ = {
			isa = PBXFileSystemSynchronizedBuildFileExceptionSet;
			membershipExceptions = (
				Info.plist,
			);
			target = 97ABA1E12F50F569002EDDAD /* FoodPassport */;
		};
		97A8C8222F7713C100B3609F /* Exceptions for "FoodPassportWidget" folder in "FoodPassportWidgetExtension" target */ = {
			isa = PBXFileSystemSynchronizedBuildFileExceptionSet;
			membershipExceptions = (
				Info.plist,
			);
			target = 97A8C80C2F7713C000B3609F /* FoodPassportWidgetExtension */;
		};
/* End PBXFileSystemSynchronizedBuildFileExceptionSet section */

/* Begin PBXFileSystemSynchronizedRootGroup section */
		97A8C8102F7713C000B3609F /* FoodPassportWidget */ = {
			isa = PBXFileSystemSynchronizedRootGroup;
			exceptions = (
				97A8C8222F7713C100B3609F /* Exceptions for "FoodPassportWidget" folder in "FoodPassportWidgetExtension" target */,
			);
			path = FoodPassportWidget;
			sourceTree = "<group>";
		};
		97ABA1E42F50F569002EDDAD /* FoodPassport */ = {
			isa = PBXFileSystemSynchronizedRootGroup;
			exceptions = (
				97A8C7C02F60642900B3609F /* Exceptions for "FoodPassport" folder in "FoodPassport" target */,
			);
			path = FoodPassport;
			sourceTree = "<group>";
		};
/* End PBXFileSystemSynchronizedRootGroup section */

/* Begin PBXFrameworksBuildPhase section */
		97A8C80A2F7713C000B3609F /* Frameworks */ = {
			isa = PBXFrameworksBuildPhase;
			buildActionMask = 2147483647;
			files = (
				97A8C80F2F7713C000B3609F /* SwiftUI.framework in Frameworks */,
				97A8C80E2F7713C000B3609F /* WidgetKit.framework in Frameworks */,
			);
			runOnlyForDeploymentPostprocessing = 0;
		};
		97ABA1DF2F50F569002EDDAD /* Frameworks */ = {
			isa = PBXFrameworksBuildPhase;
			buildActionMask = 2147483647;
			files = (
			);
			runOnlyForDeploymentPostprocessing = 0;
		};
		97ABA1F12F50F56B002EDDAD /* Frameworks */ = {
			isa = PBXFrameworksBuildPhase;
			buildActionMask = 2147483647;
			files = (
			);
			runOnlyForDeploymentPostprocessing = 0;
		};
		97ABA1FB2F50F56B002EDDAD /* Frameworks */ = {
			isa = PBXFrameworksBuildPhase;
			buildActionMask = 2147483647;
			files = (
			);
			runOnlyForDeploymentPostprocessing = 0;
		};
/* End PBXFrameworksBuildPhase section */

/* Begin PBXGroup section */
		97A8C7EE2F77139600B3609F /* Frameworks */ = {
			isa = PBXGroup;
			children = (
				97A8C7EF2F77139600B3609F /* WidgetKit.framework */,
				97A8C7F12F77139600B3609F /* SwiftUI.framework */,
			);
			name = Frameworks;
			sourceTree = "<group>";
		};
		97ABA1D92F50F569002EDDAD = {
			isa = PBXGroup;
			children = (
				97A8C8242F77174000B3609F /* FoodPassportWidgetExtension.entitlements */,
				97ABA1E42F50F569002EDDAD /* FoodPassport */,
				97A8C8102F7713C000B3609F /* FoodPassportWidget */,
				97A8C7EE2F77139600B3609F /* Frameworks */,
				97ABA1E32F50F569002EDDAD /* Products */,
			);
			sourceTree = "<group>";
		};
		97ABA1E32F50F569002EDDAD /* Products */ = {
			isa = PBXGroup;
			children = (
				97ABA1E22F50F569002EDDAD /* FoodPassport.app */,
				97ABA1F42F50F56B002EDDAD /* FoodPassportTests.xctest */,
				97ABA1FE2F50F56B002EDDAD /* FoodPassportUITests.xctest */,
				97A8C80D2F7713C000B3609F /* FoodPassportWidgetExtension.appex */,
			);
			name = Products;
			sourceTree = "<group>";
		};
/* End PBXGroup section */

/* Begin PBXNativeTarget section */
		97A8C80C2F7713C000B3609F /* FoodPassportWidgetExtension */ = {
			isa = PBXNativeTarget;
			buildConfigurationList = 97A8C81F2F7713C100B3609F /* Build configuration list for PBXNativeTarget "FoodPassportWidgetExtension" */;
			buildPhases = (
				97A8C8092F7713C000B3609F /* Sources */,
				97A8C80A2F7713C000B3609F /* Frameworks */,
				97A8C80B2F7713C000B3609F /* Resources */,
			);
			buildRules = (
			);
			dependencies = (
			);
			fileSystemSynchronizedGroups = (
				97A8C8102F7713C000B3609F /* FoodPassportWidget */,
			);
			name = FoodPassportWidgetExtension;
			packageProductDependencies = (
			);
			productName = FoodPassportWidgetExtension;
			productReference = 97A8C80D2F7713C000B3609F /* FoodPassportWidgetExtension.appex */;
			productType = "com.apple.product-type.app-extension";
		};
		97ABA1E12F50F569002EDDAD /* FoodPassport */ = {
			isa = PBXNativeTarget;
			buildConfigurationList = 97ABA2082F50F56B002EDDAD /* Build configuration list for PBXNativeTarget "FoodPassport" */;
			buildPhases = (
				97ABA1DE2F50F569002EDDAD /* Sources */,
				97ABA1DF2F50F569002EDDAD /* Frameworks */,
				97ABA1E02F50F569002EDDAD /* Resources */,
				97A8C8042F77139800B3609F /* Embed Foundation Extensions */,
			);
			buildRules = (
			);
			dependencies = (
				97A8C81D2F7713C100B3609F /* PBXTargetDependency */,
			);
			fileSystemSynchronizedGroups = (
				97ABA1E42F50F569002EDDAD /* FoodPassport */,
			);
			name = FoodPassport;
			packageProductDependencies = (
			);
			productName = FoodPassport;
			productReference = 97ABA1E22F50F569002EDDAD /* FoodPassport.app */;
			productType = "com.apple.product-type.application";
		};
		97ABA1F32F50F56B002EDDAD /* FoodPassportTests */ = {
			isa = PBXNativeTarget;
			buildConfigurationList = 97ABA20B2F50F56B002EDDAD /* Build configuration list for PBXNativeTarget "FoodPassportTests" */;
			buildPhases = (
				97ABA1F02F50F56B002EDDAD /* Sources */,
				97ABA1F12F50F56B002EDDAD /* Frameworks */,
				97ABA1F22F50F56B002EDDAD /* Resources */,
			);
			buildRules = (
			);
			dependencies = (
				97ABA1F62F50F56B002EDDAD /* PBXTargetDependency */,
			);
			name = FoodPassportTests;
			packageProductDependencies = (
			);
			productName = FoodPassportTests;
			productReference = 97ABA1F42F50F56B002EDDAD /* FoodPassportTests.xctest */;
			productType = "com.apple.product-type.bundle.unit-test";
		};
		97ABA1FD2F50F56B002EDDAD /* FoodPassportUITests */ = {
			isa = PBXNativeTarget;
			buildConfigurationList = 97ABA20E2F50F56B002EDDAD /* Build configuration list for PBXNativeTarget "FoodPassportUITests" */;
			buildPhases = (
				97ABA1FA2F50F56B002EDDAD /* Sources */,
				97ABA1FB2F50F56B002EDDAD /* Frameworks */,
				97ABA1FC2F50F56B002EDDAD /* Resources */,
			);
			buildRules = (
			);
			dependencies = (
				97ABA2002F50F56B002EDDAD /* PBXTargetDependency */,
			);
			name = FoodPassportUITests;
			packageProductDependencies = (
			);
			productName = FoodPassportUITests;
			productReference = 97ABA1FE2F50F56B002EDDAD /* FoodPassportUITests.xctest */;
			productType = "com.apple.product-type.bundle.ui-testing";
		};
/* End PBXNativeTarget section */

/* Begin PBXProject section */
		97ABA1DA2F50F569002EDDAD /* Project object */ = {
			isa = PBXProject;
			attributes = {
				BuildIndependentTargetsInParallel = 1;
				LastSwiftUpdateCheck = 2600;
				LastUpgradeCheck = 2600;
				TargetAttributes = {
					97A8C80C2F7713C000B3609F = {
						CreatedOnToolsVersion = 26.0.1;
					};
					97ABA1E12F50F569002EDDAD = {
						CreatedOnToolsVersion = 26.0.1;
					};
					97ABA1F32F50F56B002EDDAD = {
						CreatedOnToolsVersion = 26.0.1;
						TestTargetID = 97ABA1E12F50F569002EDDAD;
					};
					97ABA1FD2F50F56B002EDDAD = {
						CreatedOnToolsVersion = 26.0.1;
						TestTargetID = 97ABA1E12F50F569002EDDAD;
					};
				};
			};
			buildConfigurationList = 97ABA1DD2F50F569002EDDAD /* Build configuration list for PBXProject "FoodPassport" */;
			developmentRegion = en;
			hasScannedForEncodings = 0;
			knownRegions = (
				en,
				Base,
			);
			mainGroup = 97ABA1D92F50F569002EDDAD;
			minimizedProjectReferenceProxies = 1;
			preferredProjectObjectVersion = 77;
			productRefGroup = 97ABA1E32F50F569002EDDAD /* Products */;
			projectDirPath = "";
			projectRoot = "";
			targets = (
				97ABA1E12F50F569002EDDAD /* FoodPassport */,
				97ABA1F32F50F56B002EDDAD /* FoodPassportTests */,
				97ABA1FD2F50F56B002EDDAD /* FoodPassportUITests */,
				97A8C80C2F7713C000B3609F /* FoodPassportWidgetExtension */,
			);
		};
/* End PBXProject section */

/* Begin PBXResourcesBuildPhase section */
		97A8C80B2F7713C000B3609F /* Resources */ = {
			isa = PBXResourcesBuildPhase;
			buildActionMask = 2147483647;
			files = (
			);
			runOnlyForDeploymentPostprocessing = 0;
		};
		97ABA1E02F50F569002EDDAD /* Resources */ = {
			isa = PBXResourcesBuildPhase;
			buildActionMask = 2147483647;
			files = (
			);
			runOnlyForDeploymentPostprocessing = 0;
		};
		97ABA1F22F50F56B002EDDAD /* Resources */ = {
			isa = PBXResourcesBuildPhase;
			buildActionMask = 2147483647;
			files = (
			);
			runOnlyForDeploymentPostprocessing = 0;
		};
		97ABA1FC2F50F56B002EDDAD /* Resources */ = {
			isa = PBXResourcesBuildPhase;
			buildActionMask = 2147483647;
			files = (
			);
			runOnlyForDeploymentPostprocessing = 0;
		};
/* End PBXResourcesBuildPhase section */

/* Begin PBXSourcesBuildPhase section */
		97A8C8092F7713C000B3609F /* Sources */ = {
			isa = PBXSourcesBuildPhase;
			buildActionMask = 2147483647;
			files = (
			);
			runOnlyForDeploymentPostprocessing = 0;
		};
		97ABA1DE2F50F569002EDDAD /* Sources */ = {
			isa = PBXSourcesBuildPhase;
			buildActionMask = 2147483647;
			files = (
			);
			runOnlyForDeploymentPostprocessing = 0;
		};
		97ABA1F02F50F56B002EDDAD /* Sources */ = {
			isa = PBXSourcesBuildPhase;
			buildActionMask = 2147483647;
			files = (
			);
			runOnlyForDeploymentPostprocessing = 0;
		};
		97ABA1FA2F50F56B002EDDAD /* Sources */ = {
			isa = PBXSourcesBuildPhase;
			buildActionMask = 2147483647;
			files = (
			);
			runOnlyForDeploymentPostprocessing = 0;
		};
/* End PBXSourcesBuildPhase section */

/* Begin PBXTargetDependency section */
		97A8C81D2F7713C100B3609F /* PBXTargetDependency */ = {
			isa = PBXTargetDependency;
			target = 97A8C80C2F7713C000B3609F /* FoodPassportWidgetExtension */;
			targetProxy = 97A8C81C2F7713C100B3609F /* PBXContainerItemProxy */;
		};
		97ABA1F62F50F56B002EDDAD /* PBXTargetDependency */ = {
			isa = PBXTargetDependency;
			target = 97ABA1E12F50F569002EDDAD /* FoodPassport */;
			targetProxy = 97ABA1F52F50F56B002EDDAD /* PBXContainerItemProxy */;
		};
		97ABA2002F50F56B002EDDAD /* PBXTargetDependency */ = {
			isa = PBXTargetDependency;
			target = 97ABA1E12F50F569002EDDAD /* FoodPassport */;
			targetProxy = 97ABA1FF2F50F56B002EDDAD /* PBXContainerItemProxy */;
		};
/* End PBXTargetDependency section */

/* Begin XCBuildConfiguration section */
		97A8C8202F7713C100B3609F /* Debug */ = {
			isa = XCBuildConfiguration;
			buildSettings = {
				ASSETCATALOG_COMPILER_GLOBAL_ACCENT_COLOR_NAME = AccentColor;
				ASSETCATALOG_COMPILER_WIDGET_BACKGROUND_COLOR_NAME = WidgetBackground;
				CODE_SIGN_ENTITLEMENTS = FoodPassportWidgetExtension.entitlements;
				CODE_SIGN_STYLE = Automatic;
				CURRENT_PROJECT_VERSION = 1;
				DEVELOPMENT_TEAM = A476976PU9;
				GENERATE_INFOPLIST_FILE = YES;
				INFOPLIST_FILE = FoodPassportWidget/Info.plist;
				INFOPLIST_KEY_CFBundleDisplayName = FoodPassportWidget;
				INFOPLIST_KEY_NSHumanReadableCopyright = "";
				LD_RUNPATH_SEARCH_PATHS = (
					"$(inherited)",
					"@executable_path/Frameworks",
					"@executable_path/../../Frameworks",
				);
				MARKETING_VERSION = 1.0;
				PRODUCT_BUNDLE_IDENTIFIER = com.bunnita.FoodPassport.FoodPassportWidget;
				PRODUCT_NAME = "$(TARGET_NAME)";
				SKIP_INSTALL = YES;
				STRING_CATALOG_GENERATE_SYMBOLS = YES;
				SWIFT_APPROACHABLE_CONCURRENCY = YES;
				SWIFT_EMIT_LOC_STRINGS = YES;
				SWIFT_UPCOMING_FEATURE_MEMBER_IMPORT_VISIBILITY = YES;
				SWIFT_VERSION = 5.0;
				TARGETED_DEVICE_FAMILY = "1,2";
			};
			name = Debug;
		};
		97A8C8212F7713C100B3609F /* Release */ = {
			isa = XCBuildConfiguration;
			buildSettings = {
				ASSETCATALOG_COMPILER_GLOBAL_ACCENT_COLOR_NAME = AccentColor;
				ASSETCATALOG_COMPILER_WIDGET_BACKGROUND_COLOR_NAME = WidgetBackground;
				CODE_SIGN_ENTITLEMENTS = FoodPassportWidgetExtension.entitlements;
				CODE_SIGN_STYLE = Automatic;
				CURRENT_PROJECT_VERSION = 1;
				DEVELOPMENT_TEAM = A476976PU9;
				GENERATE_INFOPLIST_FILE = YES;
				INFOPLIST_FILE = FoodPassportWidget/Info.plist;
				INFOPLIST_KEY_CFBundleDisplayName = FoodPassportWidget;
				INFOPLIST_KEY_NSHumanReadableCopyright = "";
				LD_RUNPATH_SEARCH_PATHS = (
					"$(inherited)",
					"@executable_path/Frameworks",
					"@executable_path/../../Frameworks",
				);
				MARKETING_VERSION = 1.0;
				PRODUCT_BUNDLE_IDENTIFIER = com.bunnita.FoodPassport.FoodPassportWidget;
				PRODUCT_NAME = "$(TARGET_NAME)";
				SKIP_INSTALL = YES;
				STRING_CATALOG_GENERATE_SYMBOLS = YES;
				SWIFT_APPROACHABLE_CONCURRENCY = YES;
				SWIFT_EMIT_LOC_STRINGS = YES;
				SWIFT_UPCOMING_FEATURE_MEMBER_IMPORT_VISIBILITY = YES;
				SWIFT_VERSION = 5.0;
				TARGETED_DEVICE_FAMILY = "1,2";
			};
			name = Release;
		};
		97ABA2062F50F56B002EDDAD /* Debug */ = {
			isa = XCBuildConfiguration;
			baseConfigurationReferenceAnchor = 97ABA1E42F50F569002EDDAD /* FoodPassport */;
			baseConfigurationReferenceRelativePath = Secrets.xcconfig;
			buildSettings = {
				ALWAYS_SEARCH_USER_PATHS = NO;
				ASSETCATALOG_COMPILER_GENERATE_SWIFT_ASSET_SYMBOL_EXTENSIONS = YES;
				CLANG_ANALYZER_NONNULL = YES;
				CLANG_ANALYZER_NUMBER_OBJECT_CONVERSION = YES_AGGRESSIVE;
				CLANG_CXX_LANGUAGE_STANDARD = "gnu++20";
				CLANG_ENABLE_MODULES = YES;
				CLANG_ENABLE_OBJC_ARC = YES;
				CLANG_ENABLE_OBJC_WEAK = YES;
				CLANG_WARN_BLOCK_CAPTURE_AUTORELEASING = YES;
				CLANG_WARN_BOOL_CONVERSION = YES;
				CLANG_WARN_COMMA = YES;
				CLANG_WARN_CONSTANT_CONVERSION = YES;
				CLANG_WARN_DEPRECATED_OBJC_IMPLEMENTATIONS = YES;
				CLANG_WARN_DIRECT_OBJC_ISA_USAGE = YES_ERROR;
				CLANG_WARN_DOCUMENTATION_COMMENTS = YES;
				CLANG_WARN_EMPTY_BODY = YES;
				CLANG_WARN_ENUM_CONVERSION = YES;
				CLANG_WARN_INFINITE_RECURSION = YES;
				CLANG_WARN_INT_CONVERSION = YES;
				CLANG_WARN_NON_LITERAL_NULL_CONVERSION = YES;
				CLANG_WARN_OBJC_IMPLICIT_RETAIN_SELF = YES;
				CLANG_WARN_OBJC_LITERAL_CONVERSION = YES;
				CLANG_WARN_OBJC_ROOT_CLASS = YES_ERROR;
				CLANG_WARN_QUOTED_INCLUDE_IN_FRAMEWORK_HEADER = YES;
				CLANG_WARN_RANGE_LOOP_ANALYSIS = YES;
				CLANG_WARN_STRICT_PROTOTYPES = YES;
				CLANG_WARN_SUSPICIOUS_MOVE = YES;
				CLANG_WARN_UNGUARDED_AVAILABILITY = YES_AGGRESSIVE;
				CLANG_WARN_UNREACHABLE_CODE = YES;
				CLANG_WARN__DUPLICATE_METHOD_MATCH = YES;
				COPY_PHASE_STRIP = NO;
				DEBUG_INFORMATION_FORMAT = dwarf;
				ENABLE_STRICT_OBJC_MSGSEND = YES;
				ENABLE_TESTABILITY = YES;
				ENABLE_USER_SCRIPT_SANDBOXING = YES;
				GCC_C_LANGUAGE_STANDARD = gnu17;
				GCC_DYNAMIC_NO_PIC = NO;
				GCC_NO_COMMON_BLOCKS = YES;
				GCC_OPTIMIZATION_LEVEL = 0;
				GCC_PREPROCESSOR_DEFINITIONS = (
					"DEBUG=1",
					"$(inherited)",
				);
				GCC_WARN_64_TO_32_BIT_CONVERSION = YES;
				GCC_WARN_ABOUT_RETURN_TYPE = YES_ERROR;
				GCC_WARN_UNDECLARED_SELECTOR = YES;
				GCC_WARN_UNINITIALIZED_AUTOS = YES_AGGRESSIVE;
				GCC_WARN_UNUSED_FUNCTION = YES;
				GCC_WARN_UNUSED_VARIABLE = YES;
				IPHONEOS_DEPLOYMENT_TARGET = 26.0;
				LOCALIZATION_PREFERS_STRING_CATALOGS = YES;
				MTL_ENABLE_DEBUG_INFO = INCLUDE_SOURCE;
				MTL_FAST_MATH = YES;
				ONLY_ACTIVE_ARCH = YES;
				SDKROOT = iphoneos;
				SWIFT_ACTIVE_COMPILATION_CONDITIONS = "DEBUG $(inherited)";
				SWIFT_OPTIMIZATION_LEVEL = "-Onone";
			};
			name = Debug;
		};
		97ABA2072F50F56B002EDDAD /* Release */ = {
			isa = XCBuildConfiguration;
			baseConfigurationReferenceAnchor = 97ABA1E42F50F569002EDDAD /* FoodPassport */;
			baseConfigurationReferenceRelativePath = Secrets.xcconfig;
			buildSettings = {
				ALWAYS_SEARCH_USER_PATHS = NO;
				ASSETCATALOG_COMPILER_GENERATE_SWIFT_ASSET_SYMBOL_EXTENSIONS = YES;
				CLANG_ANALYZER_NONNULL = YES;
				CLANG_ANALYZER_NUMBER_OBJECT_CONVERSION = YES_AGGRESSIVE;
				CLANG_CXX_LANGUAGE_STANDARD = "gnu++20";
				CLANG_ENABLE_MODULES = YES;
				CLANG_ENABLE_OBJC_ARC = YES;
				CLANG_ENABLE_OBJC_WEAK = YES;
				CLANG_WARN_BLOCK_CAPTURE_AUTORELEASING = YES;
				CLANG_WARN_BOOL_CONVERSION = YES;
				CLANG_WARN_COMMA = YES;
				CLANG_WARN_CONSTANT_CONVERSION = YES;
				CLANG_WARN_DEPRECATED_OBJC_IMPLEMENTATIONS = YES;
				CLANG_WARN_DIRECT_OBJC_ISA_USAGE = YES_ERROR;
				CLANG_WARN_DOCUMENTATION_COMMENTS = YES;
				CLANG_WARN_EMPTY_BODY = YES;
				CLANG_WARN_ENUM_CONVERSION = YES;
				CLANG_WARN_INFINITE_RECURSION = YES;
				CLANG_WARN_INT_CONVERSION = YES;
				CLANG_WARN_NON_LITERAL_NULL_CONVERSION = YES;
				CLANG_WARN_OBJC_IMPLICIT_RETAIN_SELF = YES;
				CLANG_WARN_OBJC_LITERAL_CONVERSION = YES;
				CLANG_WARN_OBJC_ROOT_CLASS = YES_ERROR;
				CLANG_WARN_QUOTED_INCLUDE_IN_FRAMEWORK_HEADER = YES;
				CLANG_WARN_RANGE_LOOP_ANALYSIS = YES;
				CLANG_WARN_STRICT_PROTOTYPES = YES;
				CLANG_WARN_SUSPICIOUS_MOVE = YES;
				CLANG_WARN_UNGUARDED_AVAILABILITY = YES_AGGRESSIVE;
				CLANG_WARN_UNREACHABLE_CODE = YES;
				CLANG_WARN__DUPLICATE_METHOD_MATCH = YES;
				COPY_PHASE_STRIP = NO;
				DEBUG_INFORMATION_FORMAT = "dwarf-with-dsym";
				ENABLE_NS_ASSERTIONS = NO;
				ENABLE_STRICT_OBJC_MSGSEND = YES;
				ENABLE_USER_SCRIPT_SANDBOXING = YES;
				GCC_C_LANGUAGE_STANDARD = gnu17;
				GCC_NO_COMMON_BLOCKS = YES;
				GCC_WARN_64_TO_32_BIT_CONVERSION = YES;
				GCC_WARN_ABOUT_RETURN_TYPE = YES_ERROR;
				GCC_WARN_UNDECLARED_SELECTOR = YES;
				GCC_WARN_UNINITIALIZED_AUTOS = YES_AGGRESSIVE;
				GCC_WARN_UNUSED_FUNCTION = YES;
				GCC_WARN_UNUSED_VARIABLE = YES;
				IPHONEOS_DEPLOYMENT_TARGET = 26.0;
				LOCALIZATION_PREFERS_STRING_CATALOGS = YES;
				MTL_ENABLE_DEBUG_INFO = NO;
				MTL_FAST_MATH = YES;
				SDKROOT = iphoneos;
				SWIFT_COMPILATION_MODE = wholemodule;
				VALIDATE_PRODUCT = YES;
			};
			name = Release;
		};
		97ABA2092F50F56B002EDDAD /* Debug */ = {
			isa = XCBuildConfiguration;
			buildSettings = {
				ASSETCATALOG_COMPILER_APPICON_NAME = AppIcon;
				ASSETCATALOG_COMPILER_GLOBAL_ACCENT_COLOR_NAME = AccentColor;
				CODE_SIGN_ENTITLEMENTS = FoodPassport/FoodPassport.entitlements;
				CODE_SIGN_STYLE = Automatic;
				CURRENT_PROJECT_VERSION = 1;
				DEVELOPMENT_TEAM = A476976PU9;
				ENABLE_PREVIEWS = YES;
				GENERATE_INFOPLIST_FILE = YES;
				INFOPLIST_FILE = FoodPassport/Info.plist;
				INFOPLIST_KEY_NSLocationWhenInUseUsageDescription = "FoodPassport needs your location to show where you are on the map.";
				INFOPLIST_KEY_UIApplicationSceneManifest_Generation = YES;
				INFOPLIST_KEY_UIApplicationSupportsIndirectInputEvents = YES;
				INFOPLIST_KEY_UILaunchScreen_Generation = YES;
				INFOPLIST_KEY_UISupportedInterfaceOrientations_iPad = "UIInterfaceOrientationPortrait UIInterfaceOrientationPortraitUpsideDown UIInterfaceOrientationLandscapeLeft UIInterfaceOrientationLandscapeRight";
				INFOPLIST_KEY_UISupportedInterfaceOrientations_iPhone = "UIInterfaceOrientationPortrait UIInterfaceOrientationLandscapeLeft UIInterfaceOrientationLandscapeRight";
				LD_RUNPATH_SEARCH_PATHS = (
					"$(inherited)",
					"@executable_path/Frameworks",
				);
				MARKETING_VERSION = 1.0;
				PRODUCT_BUNDLE_IDENTIFIER = com.bunnita.FoodPassport;
				PRODUCT_NAME = "$(TARGET_NAME)";
				STRING_CATALOG_GENERATE_SYMBOLS = YES;
				SWIFT_APPROACHABLE_CONCURRENCY = YES;
				SWIFT_DEFAULT_ACTOR_ISOLATION = MainActor;
				SWIFT_EMIT_LOC_STRINGS = YES;
				SWIFT_UPCOMING_FEATURE_MEMBER_IMPORT_VISIBILITY = YES;
				SWIFT_VERSION = 5.0;
				TARGETED_DEVICE_FAMILY = "1,2";
			};
			name = Debug;
		};
		97ABA20A2F50F56B002EDDAD /* Release */ = {
			isa = XCBuildConfiguration;
			buildSettings = {
				ASSETCATALOG_COMPILER_APPICON_NAME = AppIcon;
				ASSETCATALOG_COMPILER_GLOBAL_ACCENT_COLOR_NAME = AccentColor;
				CODE_SIGN_ENTITLEMENTS = FoodPassport/FoodPassport.entitlements;
				CODE_SIGN_STYLE = Automatic;
				CURRENT_PROJECT_VERSION = 1;
				DEVELOPMENT_TEAM = A476976PU9;
				ENABLE_PREVIEWS = YES;
				GENERATE_INFOPLIST_FILE = YES;
				INFOPLIST_FILE = FoodPassport/Info.plist;
				INFOPLIST_KEY_NSLocationWhenInUseUsageDescription = "FoodPassport needs your location to show where you are on the map.";
				INFOPLIST_KEY_UIApplicationSceneManifest_Generation = YES;
				INFOPLIST_KEY_UIApplicationSupportsIndirectInputEvents = YES;
				INFOPLIST_KEY_UILaunchScreen_Generation = YES;
				INFOPLIST_KEY_UISupportedInterfaceOrientations_iPad = "UIInterfaceOrientationPortrait UIInterfaceOrientationPortraitUpsideDown UIInterfaceOrientationLandscapeLeft UIInterfaceOrientationLandscapeRight";
				INFOPLIST_KEY_UISupportedInterfaceOrientations_iPhone = "UIInterfaceOrientationPortrait UIInterfaceOrientationLandscapeLeft UIInterfaceOrientationLandscapeRight";
				LD_RUNPATH_SEARCH_PATHS = (
					"$(inherited)",
					"@executable_path/Frameworks",
				);
				MARKETING_VERSION = 1.0;
				PRODUCT_BUNDLE_IDENTIFIER = com.bunnita.FoodPassport;
				PRODUCT_NAME = "$(TARGET_NAME)";
				STRING_CATALOG_GENERATE_SYMBOLS = YES;
				SWIFT_APPROACHABLE_CONCURRENCY = YES;
				SWIFT_DEFAULT_ACTOR_ISOLATION = MainActor;
				SWIFT_EMIT_LOC_STRINGS = YES;
				SWIFT_UPCOMING_FEATURE_MEMBER_IMPORT_VISIBILITY = YES;
				SWIFT_VERSION = 5.0;
				TARGETED_DEVICE_FAMILY = "1,2";
			};
			name = Release;
		};
		97ABA20C2F50F56B002EDDAD /* Debug */ = {
			isa = XCBuildConfiguration;
			buildSettings = {
				BUNDLE_LOADER = "$(TEST_HOST)";
				CODE_SIGN_STYLE = Automatic;
				CURRENT_PROJECT_VERSION = 1;
				GENERATE_INFOPLIST_FILE = YES;
				IPHONEOS_DEPLOYMENT_TARGET = 26.0;
				MARKETING_VERSION = 1.0;
				PRODUCT_BUNDLE_IDENTIFIER = com.bunnita.FoodPassportTests;
				PRODUCT_NAME = "$(TARGET_NAME)";
				STRING_CATALOG_GENERATE_SYMBOLS = NO;
				SWIFT_APPROACHABLE_CONCURRENCY = YES;
				SWIFT_EMIT_LOC_STRINGS = NO;
				SWIFT_UPCOMING_FEATURE_MEMBER_IMPORT_VISIBILITY = YES;
				SWIFT_VERSION = 5.0;
				TARGETED_DEVICE_FAMILY = "1,2";
				TEST_HOST = "$(BUILT_PRODUCTS_DIR)/FoodPassport.app/$(BUNDLE_EXECUTABLE_FOLDER_PATH)/FoodPassport";
			};
			name = Debug;
		};
		97ABA20D2F50F56B002EDDAD /* Release */ = {
			isa = XCBuildConfiguration;
			buildSettings = {
				BUNDLE_LOADER = "$(TEST_HOST)";
				CODE_SIGN_STYLE = Automatic;
				CURRENT_PROJECT_VERSION = 1;
				GENERATE_INFOPLIST_FILE = YES;
				IPHONEOS_DEPLOYMENT_TARGET = 26.0;
				MARKETING_VERSION = 1.0;
				PRODUCT_BUNDLE_IDENTIFIER = com.bunnita.FoodPassportTests;
				PRODUCT_NAME = "$(TARGET_NAME)";
				STRING_CATALOG_GENERATE_SYMBOLS = NO;
				SWIFT_APPROACHABLE_CONCURRENCY = YES;
				SWIFT_EMIT_LOC_STRINGS = NO;
				SWIFT_UPCOMING_FEATURE_MEMBER_IMPORT_VISIBILITY = YES;
				SWIFT_VERSION = 5.0;
				TARGETED_DEVICE_FAMILY = "1,2";
				TEST_HOST = "$(BUILT_PRODUCTS_DIR)/FoodPassport.app/$(BUNDLE_EXECUTABLE_FOLDER_PATH)/FoodPassport";
			};
			name = Release;
		};
		97ABA20F2F50F56B002EDDAD /* Debug */ = {
			isa = XCBuildConfiguration;
			buildSettings = {
				CODE_SIGN_STYLE = Automatic;
				CURRENT_PROJECT_VERSION = 1;
				GENERATE_INFOPLIST_FILE = YES;
				MARKETING_VERSION = 1.0;
				PRODUCT_BUNDLE_IDENTIFIER = com.bunnita.FoodPassportUITests;
				PRODUCT_NAME = "$(TARGET_NAME)";
				STRING_CATALOG_GENERATE_SYMBOLS = NO;
				SWIFT_APPROACHABLE_CONCURRENCY = YES;
				SWIFT_EMIT_LOC_STRINGS = NO;
				SWIFT_UPCOMING_FEATURE_MEMBER_IMPORT_VISIBILITY = YES;
				SWIFT_VERSION = 5.0;
				TARGETED_DEVICE_FAMILY = "1,2";
				TEST_TARGET_NAME = FoodPassport;
			};
			name = Debug;
		};
		97ABA2102F50F56B002EDDAD /* Release */ = {
			isa = XCBuildConfiguration;
			buildSettings = {
				CODE_SIGN_STYLE = Automatic;
				CURRENT_PROJECT_VERSION = 1;
				GENERATE_INFOPLIST_FILE = YES;
				MARKETING_VERSION = 1.0;
				PRODUCT_BUNDLE_IDENTIFIER = com.bunnita.FoodPassportUITests;
				PRODUCT_NAME = "$(TARGET_NAME)";
				STRING_CATALOG_GENERATE_SYMBOLS = NO;
				SWIFT_APPROACHABLE_CONCURRENCY = YES;
				SWIFT_EMIT_LOC_STRINGS = NO;
				SWIFT_UPCOMING_FEATURE_MEMBER_IMPORT_VISIBILITY = YES;
				SWIFT_VERSION = 5.0;
				TARGETED_DEVICE_FAMILY = "1,2";
				TEST_TARGET_NAME = FoodPassport;
			};
			name = Release;
		};
/* End XCBuildConfiguration section */

/* Begin XCConfigurationList section */
		97A8C81F2F7713C100B3609F /* Build configuration list for PBXNativeTarget "FoodPassportWidgetExtension" */ = {
			isa = XCConfigurationList;
			buildConfigurations = (
				97A8C8202F7713C100B3609F /* Debug */,
				97A8C8212F7713C100B3609F /* Release */,
			);
			defaultConfigurationIsVisible = 0;
			defaultConfigurationName = Release;
		};
		97ABA1DD2F50F569002EDDAD /* Build configuration list for PBXProject "FoodPassport" */ = {
			isa = XCConfigurationList;
			buildConfigurations = (
				97ABA2062F50F56B002EDDAD /* Debug */,
				97ABA2072F50F56B002EDDAD /* Release */,
			);
			defaultConfigurationIsVisible = 0;
			defaultConfigurationName = Release;
		};
		97ABA2082F50F56B002EDDAD /* Build configuration list for PBXNativeTarget "FoodPassport" */ = {
			isa = XCConfigurationList;
			buildConfigurations = (
				97ABA2092F50F56B002EDDAD /* Debug */,
				97ABA20A2F50F56B002EDDAD /* Release */,
			);
			defaultConfigurationIsVisible = 0;
			defaultConfigurationName = Release;
		};
		97ABA20B2F50F56B002EDDAD /* Build configuration list for PBXNativeTarget "FoodPassportTests" */ = {
			isa = XCConfigurationList;
			buildConfigurations = (
				97ABA20C2F50F56B002EDDAD /* Debug */,
				97ABA20D2F50F56B002EDDAD /* Release */,
			);
			defaultConfigurationIsVisible = 0;
			defaultConfigurationName = Release;
		};
		97ABA20E2F50F56B002EDDAD /* Build configuration list for PBXNativeTarget "FoodPassportUITests" */ = {
			isa = XCConfigurationList;
			buildConfigurations = (
				97ABA20F2F50F56B002EDDAD /* Debug */,
				97ABA2102F50F56B002EDDAD /* Release */,
			);
			defaultConfigurationIsVisible = 0;
			defaultConfigurationName = Release;
		};
/* End XCConfigurationList section */
	};
	rootObject = 97ABA1DA2F50F569002EDDAD /* Project object */;
}
